
Microsoft Visual Studio Solution File, Format Version 12.00
# Visual Studio Version 17
VisualStudioVersion = 17.9.34723.18
MinimumVisualStudioVersion = 10.0.40219.1
Project("{FAE04EC0-301F-11D3-BF4B-00C04F79EFBC}") = "MyBookingAPI", "MyBookingAPI\MyBookingAPI.csproj", "{2850ABC7-AF5A-4ACA-A044-41083DBB341A}"
EndProject
Global
	GlobalSection(SolutionConfigurationPlatforms) = preSolution
		Debug|Any CPU = Debug|Any CPU
		Release|Any CPU = Release|Any CPU
	EndGlobalSection
	GlobalSection(ProjectConfigurationPlatforms) = postSolution
		{2850ABC7-AF5A-4ACA-A044-41083DBB341A}.Debug|Any CPU.ActiveCfg = Debug|Any CPU
		{2850ABC7-AF5A-4ACA-A044-41083DBB341A}.Debug|Any CPU.Build.0 = Debug|Any CPU
		{2850ABC7-AF5A-4ACA-A044-41083DBB341A}.Release|Any CPU.ActiveCfg = Release|Any CPU
		{2850ABC7-AF5A-4ACA-A044-41083DBB341A}.Release|Any CPU.Build.0 = Release|Any CPU
	EndGlobalSection
	GlobalSection(SolutionProperties) = preSolution
		HideSolutionNode = FALSE
	EndGlobalSection
	GlobalSection(ExtensibilityGlobals) = postSolution
		SolutionGuid = {4474549D-2107-4E48-990E-70FE3CA6D8D2}
	EndGlobalSection
EndGlobal
